{
  "pins" : [
    {
      "identity" : "jsonrpc",
      "kind" : "remoteSourceControl",
      "location" : "https://github.com/ChimeHQ/JSONRPC",
      "state" : {
        "revision" : "c6ec759d41a76ac88fe7327c41a77d9033943374",
        "version" : "0.9.0"
      }
    },
    {
      "identity" : "languageserver",
      "kind" : "remoteSourceControl",
      "location" : "https://github.com/ChimeHQ/LanguageServer",
      "state" : {
        "branch" : "main",
        "revision" : "18e707ad53a6b5f1b1eff8f68ef54dc324744008"
      }
    },
    {
      "identity" : "languageserverprotocol",
      "kind" : "remoteSourceControl",
      "location" : "https://github.com/ChimeHQ/LanguageServerProtocol",
      "state" : {
        "revision" : "f5a53e0386b34a0e06333ec9376f5972f7d20c28",
        "version" : "0.13.0"
      }
    },
    {
      "identity" : "swift-log",
      "kind" : "remoteSourceControl",
      "location" : "https://github.com/apple/swift-log.git",
      "state" : {
        "revision" : "e97a6fcb1ab07462881ac165fdbb37f067e205d5",
        "version" : "1.5.4"
      }
    }
  ],
  "version" : 2
}
